
Microsoft Visual Studio Solution File, Format Version 12.00
# Visual Studio 15
VisualStudioVersion = 15.0.28010.2048
MinimumVisualStudioVersion = 10.0.40219.1
Project("{FAE04EC0-301F-11D3-BF4B-00C04F79EFBC}") = "SHES", "SHES\SHES.csproj", "{7746E5EC-034C-4487-8279-CF2484A6F9CD}"
EndProject
Project("{FAE04EC0-301F-11D3-BF4B-00C04F79EFBC}") = "Komponente", "Komponente\Komponente.csproj", "{74566238-8488-4EAC-85E8-CA9EBF0F5A20}"
EndProject
Project("{FAE04EC0-301F-11D3-BF4B-00C04F79EFBC}") = "KomponenteUgovori", "KomponenteUgovori\KomponenteUgovori.csproj", "{2A23223F-DD0D-4165-8F00-B74B1683B0C7}"
EndProject
Project("{FAE04EC0-301F-11D3-BF4B-00C04F79EFBC}") = "Baterija", "Baterija\Baterija.csproj", "{3B323397-61C3-41A6-9AD4-EC8F585C6CF1}"
EndProject
Project("{FAE04EC0-301F-11D3-BF4B-00C04F79EFBC}") = "ElektroDistribucija", "ElektroDistribucija\ElektroDistribucija.csproj", "{65CAE151-FBB0-4249-896E-CCDD33AC8658}"
EndProject
Project("{2150E333-8FDC-42A3-9474-1A3956D46DE8}") = "testovi", "testovi", "{B2FB9143-8946-47B6-BAD5-8B54A224FE8C}"
EndProject
Project("{FAE04EC0-301F-11D3-BF4B-00C04F79EFBC}") = "KomponenteTest", "KomponenteTest\KomponenteTest.csproj", "{9719B7AD-3996-4584-94D0-7FB0F467D701}"
EndProject
Project("{FAE04EC0-301F-11D3-BF4B-00C04F79EFBC}") = "ElektroDistribucijaTest", "ElektroDistribucijaTest\ElektroDistribucijaTest.csproj", "{96BD944E-C167-4FBF-9C76-5362E93DC9EE}"
EndProject
Project("{FAE04EC0-301F-11D3-BF4B-00C04F79EFBC}") = "BaterijaTest", "BaterijaTest\BaterijaTest.csproj", "{0D006BA8-FACD-4AAC-8D66-8C8E41FB2AFE}"
EndProject
Global
	GlobalSection(SolutionConfigurationPlatforms) = preSolution
		Debug|Any CPU = Debug|Any CPU
		Release|Any CPU = Release|Any CPU
	EndGlobalSection
	GlobalSection(ProjectConfigurationPlatforms) = postSolution
		{7746E5EC-034C-4487-8279-CF2484A6F9CD}.Debug|Any CPU.ActiveCfg = Debug|Any CPU
		{7746E5EC-034C-4487-8279-CF2484A6F9CD}.Debug|Any CPU.Build.0 = Debug|Any CPU
		{7746E5EC-034C-4487-8279-CF2484A6F9CD}.Release|Any CPU.ActiveCfg = Release|Any CPU
		{7746E5EC-034C-4487-8279-CF2484A6F9CD}.Release|Any CPU.Build.0 = Release|Any CPU
		{74566238-8488-4EAC-85E8-CA9EBF0F5A20}.Debug|Any CPU.ActiveCfg = Debug|Any CPU
		{74566238-8488-4EAC-85E8-CA9EBF0F5A20}.Debug|Any CPU.Build.0 = Debug|Any CPU
		{74566238-8488-4EAC-85E8-CA9EBF0F5A20}.Release|Any CPU.ActiveCfg = Release|Any CPU
		{74566238-8488-4EAC-85E8-CA9EBF0F5A20}.Release|Any CPU.Build.0 = Release|Any CPU
		{2A23223F-DD0D-4165-8F00-B74B1683B0C7}.Debug|Any CPU.ActiveCfg = Debug|Any CPU
		{2A23223F-DD0D-4165-8F00-B74B1683B0C7}.Debug|Any CPU.Build.0 = Debug|Any CPU
		{2A23223F-DD0D-4165-8F00-B74B1683B0C7}.Release|Any CPU.ActiveCfg = Release|Any CPU
		{2A23223F-DD0D-4165-8F00-B74B1683B0C7}.Release|Any CPU.Build.0 = Release|Any CPU
		{3B323397-61C3-41A6-9AD4-EC8F585C6CF1}.Debug|Any CPU.ActiveCfg = Debug|Any CPU
		{3B323397-61C3-41A6-9AD4-EC8F585C6CF1}.Debug|Any CPU.Build.0 = Debug|Any CPU
		{3B323397-61C3-41A6-9AD4-EC8F585C6CF1}.Release|Any CPU.ActiveCfg = Release|Any CPU
		{3B323397-61C3-41A6-9AD4-EC8F585C6CF1}.Release|Any CPU.Build.0 = Release|Any CPU
		{65CAE151-FBB0-4249-896E-CCDD33AC8658}.Debug|Any CPU.ActiveCfg = Debug|Any CPU
		{65CAE151-FBB0-4249-896E-CCDD33AC8658}.Debug|Any CPU.Build.0 = Debug|Any CPU
		{65CAE151-FBB0-4249-896E-CCDD33AC8658}.Release|Any CPU.ActiveCfg = Release|Any CPU
		{65CAE151-FBB0-4249-896E-CCDD33AC8658}.Release|Any CPU.Build.0 = Release|Any CPU
		{9719B7AD-3996-4584-94D0-7FB0F467D701}.Debug|Any CPU.ActiveCfg = Debug|Any CPU
		{9719B7AD-3996-4584-94D0-7FB0F467D701}.Debug|Any CPU.Build.0 = Debug|Any CPU
		{9719B7AD-3996-4584-94D0-7FB0F467D701}.Release|Any CPU.ActiveCfg = Release|Any CPU
		{9719B7AD-3996-4584-94D0-7FB0F467D701}.Release|Any CPU.Build.0 = Release|Any CPU
		{96BD944E-C167-4FBF-9C76-5362E93DC9EE}.Debug|Any CPU.ActiveCfg = Debug|Any CPU
		{96BD944E-C167-4FBF-9C76-5362E93DC9EE}.Debug|Any CPU.Build.0 = Debug|Any CPU
		{96BD944E-C167-4FBF-9C76-5362E93DC9EE}.Release|Any CPU.ActiveCfg = Release|Any CPU
		{96BD944E-C167-4FBF-9C76-5362E93DC9EE}.Release|Any CPU.Build.0 = Release|Any CPU
		{0D006BA8-FACD-4AAC-8D66-8C8E41FB2AFE}.Debug|Any CPU.ActiveCfg = Debug|Any CPU
		{0D006BA8-FACD-4AAC-8D66-8C8E41FB2AFE}.Debug|Any CPU.Build.0 = Debug|Any CPU
		{0D006BA8-FACD-4AAC-8D66-8C8E41FB2AFE}.Release|Any CPU.ActiveCfg = Release|Any CPU
		{0D006BA8-FACD-4AAC-8D66-8C8E41FB2AFE}.Release|Any CPU.Build.0 = Release|Any CPU
	EndGlobalSection
	GlobalSection(SolutionProperties) = preSolution
		HideSolutionNode = FALSE
	EndGlobalSection
	GlobalSection(NestedProjects) = preSolution
		{9719B7AD-3996-4584-94D0-7FB0F467D701} = {B2FB9143-8946-47B6-BAD5-8B54A224FE8C}
		{96BD944E-C167-4FBF-9C76-5362E93DC9EE} = {B2FB9143-8946-47B6-BAD5-8B54A224FE8C}
		{0D006BA8-FACD-4AAC-8D66-8C8E41FB2AFE} = {B2FB9143-8946-47B6-BAD5-8B54A224FE8C}
	EndGlobalSection
	GlobalSection(ExtensibilityGlobals) = postSolution
		SolutionGuid = {C79C9F36-A309-4024-945B-44A67EA4447D}
	EndGlobalSection
EndGlobal
