
Microsoft Visual Studio Solution File, Format Version 12.00
# Visual Studio 15
VisualStudioVersion = 15.0.28010.2048
MinimumVisualStudioVersion = 10.0.40219.1
Project("{FAE04EC0-301F-11D3-BF4B-00C04F79EFBC}") = "SHES", "SHES\SHES.csproj", "{7746E5EC-034C-4487-8279-CF2484A6F9CD}"
EndProject
Project("{FAE04EC0-301F-11D3-BF4B-00C04F79EFBC}") = "Komponente", "Komponente\Komponente.csproj", "{74566238-8488-4EAC-85E8-CA9EBF0F5A20}"
EndProject
Global
	GlobalSection(SolutionConfigurationPlatforms) = preSolution
		Debug|Any CPU = Debug|Any CPU
		Release|Any CPU = Release|Any CPU
	EndGlobalSection
	GlobalSection(ProjectConfigurationPlatforms) = postSolution
		{7746E5EC-034C-4487-8279-CF2484A6F9CD}.Debug|Any CPU.ActiveCfg = Debug|Any CPU
		{7746E5EC-034C-4487-8279-CF2484A6F9CD}.Debug|Any CPU.Build.0 = Debug|Any CPU
		{7746E5EC-034C-4487-8279-CF2484A6F9CD}.Release|Any CPU.ActiveCfg = Release|Any CPU
		{7746E5EC-034C-4487-8279-CF2484A6F9CD}.Release|Any CPU.Build.0 = Release|Any CPU
		{74566238-8488-4EAC-85E8-CA9EBF0F5A20}.Debug|Any CPU.ActiveCfg = Debug|Any CPU
		{74566238-8488-4EAC-85E8-CA9EBF0F5A20}.Debug|Any CPU.Build.0 = Debug|Any CPU
		{74566238-8488-4EAC-85E8-CA9EBF0F5A20}.Release|Any CPU.ActiveCfg = Release|Any CPU
		{74566238-8488-4EAC-85E8-CA9EBF0F5A20}.Release|Any CPU.Build.0 = Release|Any CPU
	EndGlobalSection
	GlobalSection(SolutionProperties) = preSolution
		HideSolutionNode = FALSE
	EndGlobalSection
	GlobalSection(ExtensibilityGlobals) = postSolution
		SolutionGuid = {C79C9F36-A309-4024-945B-44A67EA4447D}
	EndGlobalSection
EndGlobal
